
Microsoft Visual Studio Solution File, Format Version 12.00
# Visual Studio 14
VisualStudioVersion = 14.0.25420.1
MinimumVisualStudioVersion = 10.0.40219.1
Project("{FAE04EC0-301F-11D3-BF4B-00C04F79EFBC}") = "pptconv", "pptconv\pptconv.csproj", "{DBB9DC40-A55A-496C-A668-A88878871AAA}"
EndProject
Project("{FAE04EC0-301F-11D3-BF4B-00C04F79EFBC}") = "pptconvlib", "..\pptconvlib\pptconvlib.csproj", "{1C22F9B4-6120-475F-B5E2-CBB8E6541F5F}"
EndProject
Project("{FAE04EC0-301F-11D3-BF4B-00C04F79EFBC}") = "pptconvtest", "..\pptconvtest\pptconvtest.csproj", "{949BE11F-1ED6-42A4-9FCD-2CE8245A595C}"
EndProject
Global
	GlobalSection(SolutionConfigurationPlatforms) = preSolution
		Debug|Any CPU = Debug|Any CPU
		Release|Any CPU = Release|Any CPU
	EndGlobalSection
	GlobalSection(ProjectConfigurationPlatforms) = postSolution
		{DBB9DC40-A55A-496C-A668-A88878871AAA}.Debug|Any CPU.ActiveCfg = Debug|Any CPU
		{DBB9DC40-A55A-496C-A668-A88878871AAA}.Debug|Any CPU.Build.0 = Debug|Any CPU
		{DBB9DC40-A55A-496C-A668-A88878871AAA}.Release|Any CPU.ActiveCfg = Release|Any CPU
		{DBB9DC40-A55A-496C-A668-A88878871AAA}.Release|Any CPU.Build.0 = Release|Any CPU
		{1C22F9B4-6120-475F-B5E2-CBB8E6541F5F}.Debug|Any CPU.ActiveCfg = Debug|Any CPU
		{1C22F9B4-6120-475F-B5E2-CBB8E6541F5F}.Debug|Any CPU.Build.0 = Debug|Any CPU
		{1C22F9B4-6120-475F-B5E2-CBB8E6541F5F}.Release|Any CPU.ActiveCfg = Release|Any CPU
		{1C22F9B4-6120-475F-B5E2-CBB8E6541F5F}.Release|Any CPU.Build.0 = Release|Any CPU
		{949BE11F-1ED6-42A4-9FCD-2CE8245A595C}.Debug|Any CPU.ActiveCfg = Debug|Any CPU
		{949BE11F-1ED6-42A4-9FCD-2CE8245A595C}.Debug|Any CPU.Build.0 = Debug|Any CPU
		{949BE11F-1ED6-42A4-9FCD-2CE8245A595C}.Release|Any CPU.ActiveCfg = Release|Any CPU
		{949BE11F-1ED6-42A4-9FCD-2CE8245A595C}.Release|Any CPU.Build.0 = Release|Any CPU
	EndGlobalSection
	GlobalSection(SolutionProperties) = preSolution
		HideSolutionNode = FALSE
	EndGlobalSection
EndGlobal
